# THIS IS AN AUTOGENERATED FILE. DO NOT EDIT THIS FILE DIRECTLY.
# yarn lockfile v1


"@babel/runtime@^7.3.1":
  version "7.3.4"
  resolved "https://registry.yarnpkg.com/@babel/runtime/-/runtime-7.3.4.tgz#73d12ba819e365fcf7fd152aed56d6df97d21c83"
  integrity sha512-IvfvnMdSaLBateu0jfsYIpZTxAc2cKEXEMiezGGN75QcBcecDUKd3PgLAncT0oOgxKy8dd8hrJKj9MfzgfZd6g==
  dependencies:
    regenerator-runtime "^0.12.0"

"@types/i18next@^12.1.0":
  version "12.1.0"
  resolved "https://registry.yarnpkg.com/@types/i18next/-/i18next-12.1.0.tgz#7c3fd3dbe03f9531147033773bbd0ca4f474a180"
  integrity sha512-qLyqTkp3ZKHsSoX8CNVYcTyTkxlm0aRCUpaUVetgkSlSpiNCdWryOgaYwgbO04tJIfLgBXPcy0tJ3Nl/RagllA==

html-parse-stringify2@2.0.1:
  version "2.0.1"
  resolved "https://registry.yarnpkg.com/html-parse-stringify2/-/html-parse-stringify2-2.0.1.tgz#dc5670b7292ca158b7bc916c9a6735ac8872834a"
  integrity sha1-3FZwtyksoVi3vJFsmmc1rIhyg0o=
  dependencies:
    void-elements "^2.0.1"

i18next@>=15:
  version "15.0.4"
  resolved "https://registry.yarnpkg.com/i18next/-/i18next-15.0.4.tgz#17ee253ff2cc67c5003065fef2f4196b2d6d8b04"
  integrity sha512-msRzIP/9Vo6wMbbkFRoosVu5X55vARjfhX3H9Z2avRoDAjIBNsXfpfCVF3hbP/2aMQDNEds3NUuDxE4XhcAMnA==
  dependencies:
    "@babel/runtime" "^7.3.1"

react-i18next@>=10:
  version "10.2.0"
  resolved "https://registry.yarnpkg.com/react-i18next/-/react-i18next-10.2.0.tgz#68674945711d4ccfaca52af9e20fe648f84ffad5"
  integrity sha512-b+AryBB2QiLCEmk8PaNGMkowEZVSY032crKuQToa+W1lBgrNiWVKstmi0z4bZqqcK9GL4cJr8Mevw4XpPFvpeQ==
  dependencies:
    "@babel/runtime" "^7.3.1"
    html-parse-stringify2 "2.0.1"

regenerator-runtime@^0.12.0:
  version "0.12.1"
  resolved "https://registry.yarnpkg.com/regenerator-runtime/-/regenerator-runtime-0.12.1.tgz#fa1a71544764c036f8c49b13a08b2594c9f8a0de"
  integrity sha512-odxIc1/vDlo4iZcfXqRYFj0vpXFNoGdKMAUieAlFYO6m/nl5e9KR/beGf41z4a1FI+aQgtjhuaSlDxQ0hmkrHg==

void-elements@^2.0.1:
  version "2.0.1"
  resolved "https://registry.yarnpkg.com/void-elements/-/void-elements-2.0.1.tgz#c066afb582bb1cb4128d60ea92392e94d5e9dbec"
  integrity sha1-wGavtYK7HLQSjWDqkjkulNXp2+w=
